
Microsoft Visual Studio Solution File, Format Version 12.00
# Visual Studio Version 17
VisualStudioVersion = 17.10.35027.167
MinimumVisualStudioVersion = 10.0.40219.1
Project("{9A19103F-16F7-4668-BE54-9A1E7A4F7556}") = "DPM235441_LeThiKimLien_Tuan01_Factory_DP", "DPM235441_LeThiKimLien_Tuan01_Factory_DP\DPM235441_LeThiKimLien_Tuan01_Factory_DP.csproj", "{D19B5D10-5B5F-42E3-923A-16DC07CE7398}"
EndProject
Project("{FAE04EC0-301F-11D3-BF4B-00C04F79EFBC}") = "DPM235441_LeThiKimLien_Tuan01_Builder_DP", "DPM235441_LeThiKimLien_Tuan01_Builder_DP\DPM235441_LeThiKimLien_Tuan01_Builder_DP.csproj", "{7741B37A-E9EB-458C-AFDE-D172E1EC022F}"
EndProject
Project("{FAE04EC0-301F-11D3-BF4B-00C04F79EFBC}") = "DPM235441_LeThiKimLien_Tuan01_Abstract_DP", "DPM235441_LeThiKimLien_Tuan01_Abstract_DP\DPM235441_LeThiKimLien_Tuan01_Abstract_DP.csproj", "{599F212E-2B99-4691-AB76-864D853A26DD}"
EndProject
Project("{FAE04EC0-301F-11D3-BF4B-00C04F79EFBC}") = "DPM235441_LeThiKimLien_Tuan01_Prototype_DP", "DPM235441_LeThiKimLien_Tuan01_Prototype_DP\DPM235441_LeThiKimLien_Tuan01_Prototype_DP.csproj", "{CB1F4555-2138-45FB-9F31-D628E89C2719}"
EndProject
Project("{FAE04EC0-301F-11D3-BF4B-00C04F79EFBC}") = "DPM235441_LeThiKimLien_Tuan01_Singleton_DP", "DPM235441_LeThiKimLien_Tuan01_Singleton_DP\DPM235441_LeThiKimLien_Tuan01_Singleton_DP.csproj", "{1B8F9426-1FD0-452D-B195-0F2023657350}"
EndProject
Project("{FAE04EC0-301F-11D3-BF4B-00C04F79EFBC}") = "DPM235441_LeThiKimLien_Tuan01_Factory_Real_NhanVien_DP", "DPM235441_LeThiKimLien_Tuan01_Factory_Real_NhanVien_DP\DPM235441_LeThiKimLien_Tuan01_Factory_Real_NhanVien_DP.csproj", "{17F051AE-DD21-4096-B898-D7A4348DC316}"
EndProject
Project("{FAE04EC0-301F-11D3-BF4B-00C04F79EFBC}") = "DPM235441_LeThiKimLien_Tuan01_Builder_Real_NhanVien_DP", "DPM235441_LeThiKimLien_Tuan01_Builder_Real_NhanVien_DP\DPM235441_LeThiKimLien_Tuan01_Builder_Real_NhanVien_DP.csproj", "{334A564F-E277-4F3C-83BA-13D0E784378D}"
EndProject
Project("{FAE04EC0-301F-11D3-BF4B-00C04F79EFBC}") = "DPM235441_LeThiKimLien_Tuan01_Singleton_Real_NhanVien_DP", "DPM235441_LeThiKimLien_Tuan01_Singleton_Real_NhanVien_DP\DPM235441_LeThiKimLien_Tuan01_Singleton_Real_NhanVien_DP.csproj", "{19BFA58C-BF77-465C-BEC5-56CE83797FC0}"
EndProject
Project("{FAE04EC0-301F-11D3-BF4B-00C04F79EFBC}") = "DPM235441_LeThiKimLien_Tuan01_Prototype_Real_NhanVien_DP", "DPM235441_LeThiKimLien_Tuan01_Prototype_Real_NhanVien_DP\DPM235441_LeThiKimLien_Tuan01_Prototype_Real_NhanVien_DP.csproj", "{442C0ABD-E2DB-41D4-B60F-8E55B98C8AFC}"
EndProject
Project("{FAE04EC0-301F-11D3-BF4B-00C04F79EFBC}") = "DPM235441_LeThiKimLien_Tuan01_Abstract_Real_NhanVien_DP", "DPM235441_LeThiKimLien_Tuan01_Abstract_Real_NhanVien_DP\DPM235441_LeThiKimLien_Tuan01_Abstract_Real_NhanVien_DP.csproj", "{5392097F-5301-425F-B339-91380B7B9FF9}"
EndProject
Global
	GlobalSection(SolutionConfigurationPlatforms) = preSolution
		Debug|Any CPU = Debug|Any CPU
		Release|Any CPU = Release|Any CPU
	EndGlobalSection
	GlobalSection(ProjectConfigurationPlatforms) = postSolution
		{D19B5D10-5B5F-42E3-923A-16DC07CE7398}.Debug|Any CPU.ActiveCfg = Debug|Any CPU
		{D19B5D10-5B5F-42E3-923A-16DC07CE7398}.Debug|Any CPU.Build.0 = Debug|Any CPU
		{D19B5D10-5B5F-42E3-923A-16DC07CE7398}.Release|Any CPU.ActiveCfg = Release|Any CPU
		{D19B5D10-5B5F-42E3-923A-16DC07CE7398}.Release|Any CPU.Build.0 = Release|Any CPU
		{7741B37A-E9EB-458C-AFDE-D172E1EC022F}.Debug|Any CPU.ActiveCfg = Debug|Any CPU
		{7741B37A-E9EB-458C-AFDE-D172E1EC022F}.Debug|Any CPU.Build.0 = Debug|Any CPU
		{7741B37A-E9EB-458C-AFDE-D172E1EC022F}.Release|Any CPU.ActiveCfg = Release|Any CPU
		{7741B37A-E9EB-458C-AFDE-D172E1EC022F}.Release|Any CPU.Build.0 = Release|Any CPU
		{599F212E-2B99-4691-AB76-864D853A26DD}.Debug|Any CPU.ActiveCfg = Debug|Any CPU
		{599F212E-2B99-4691-AB76-864D853A26DD}.Debug|Any CPU.Build.0 = Debug|Any CPU
		{599F212E-2B99-4691-AB76-864D853A26DD}.Release|Any CPU.ActiveCfg = Release|Any CPU
		{599F212E-2B99-4691-AB76-864D853A26DD}.Release|Any CPU.Build.0 = Release|Any CPU
		{CB1F4555-2138-45FB-9F31-D628E89C2719}.Debug|Any CPU.ActiveCfg = Debug|Any CPU
		{CB1F4555-2138-45FB-9F31-D628E89C2719}.Debug|Any CPU.Build.0 = Debug|Any CPU
		{CB1F4555-2138-45FB-9F31-D628E89C2719}.Release|Any CPU.ActiveCfg = Release|Any CPU
		{CB1F4555-2138-45FB-9F31-D628E89C2719}.Release|Any CPU.Build.0 = Release|Any CPU
		{1B8F9426-1FD0-452D-B195-0F2023657350}.Debug|Any CPU.ActiveCfg = Debug|Any CPU
		{1B8F9426-1FD0-452D-B195-0F2023657350}.Debug|Any CPU.Build.0 = Debug|Any CPU
		{1B8F9426-1FD0-452D-B195-0F2023657350}.Release|Any CPU.ActiveCfg = Release|Any CPU
		{1B8F9426-1FD0-452D-B195-0F2023657350}.Release|Any CPU.Build.0 = Release|Any CPU
		{17F051AE-DD21-4096-B898-D7A4348DC316}.Debug|Any CPU.ActiveCfg = Debug|Any CPU
		{17F051AE-DD21-4096-B898-D7A4348DC316}.Debug|Any CPU.Build.0 = Debug|Any CPU
		{17F051AE-DD21-4096-B898-D7A4348DC316}.Release|Any CPU.ActiveCfg = Release|Any CPU
		{17F051AE-DD21-4096-B898-D7A4348DC316}.Release|Any CPU.Build.0 = Release|Any CPU
		{334A564F-E277-4F3C-83BA-13D0E784378D}.Debug|Any CPU.ActiveCfg = Debug|Any CPU
		{334A564F-E277-4F3C-83BA-13D0E784378D}.Debug|Any CPU.Build.0 = Debug|Any CPU
		{334A564F-E277-4F3C-83BA-13D0E784378D}.Release|Any CPU.ActiveCfg = Release|Any CPU
		{334A564F-E277-4F3C-83BA-13D0E784378D}.Release|Any CPU.Build.0 = Release|Any CPU
		{19BFA58C-BF77-465C-BEC5-56CE83797FC0}.Debug|Any CPU.ActiveCfg = Debug|Any CPU
		{19BFA58C-BF77-465C-BEC5-56CE83797FC0}.Debug|Any CPU.Build.0 = Debug|Any CPU
		{19BFA58C-BF77-465C-BEC5-56CE83797FC0}.Release|Any CPU.ActiveCfg = Release|Any CPU
		{19BFA58C-BF77-465C-BEC5-56CE83797FC0}.Release|Any CPU.Build.0 = Release|Any CPU
		{442C0ABD-E2DB-41D4-B60F-8E55B98C8AFC}.Debug|Any CPU.ActiveCfg = Debug|Any CPU
		{442C0ABD-E2DB-41D4-B60F-8E55B98C8AFC}.Debug|Any CPU.Build.0 = Debug|Any CPU
		{442C0ABD-E2DB-41D4-B60F-8E55B98C8AFC}.Release|Any CPU.ActiveCfg = Release|Any CPU
		{442C0ABD-E2DB-41D4-B60F-8E55B98C8AFC}.Release|Any CPU.Build.0 = Release|Any CPU
		{5392097F-5301-425F-B339-91380B7B9FF9}.Debug|Any CPU.ActiveCfg = Debug|Any CPU
		{5392097F-5301-425F-B339-91380B7B9FF9}.Debug|Any CPU.Build.0 = Debug|Any CPU
		{5392097F-5301-425F-B339-91380B7B9FF9}.Release|Any CPU.ActiveCfg = Release|Any CPU
		{5392097F-5301-425F-B339-91380B7B9FF9}.Release|Any CPU.Build.0 = Release|Any CPU
	EndGlobalSection
	GlobalSection(SolutionProperties) = preSolution
		HideSolutionNode = FALSE
	EndGlobalSection
	GlobalSection(ExtensibilityGlobals) = postSolution
		SolutionGuid = {C662E455-3A20-4B2F-9BC6-D3BA7BA6975F}
	EndGlobalSection
EndGlobal
